
Microsoft Visual Studio Solution File, Format Version 12.00
# Visual Studio Version 16
VisualStudioVersion = 16.0.31727.386
MinimumVisualStudioVersion = 10.0.40219.1
Project("{9A19103F-16F7-4668-BE54-9A1E7A4F7556}") = "BitcaskNet", "BitcaskNet\BitcaskNet.csproj", "{60899954-8588-4990-80C4-47B3649FA410}"
EndProject
Project("{FAE04EC0-301F-11D3-BF4B-00C04F79EFBC}") = "BitcaskNet.Test", "BitcaskNet.Test\BitcaskNet.Test.csproj", "{EA90FC19-DE19-49BA-B513-CACF3E7A4403}"
EndProject
Global
	GlobalSection(SolutionConfigurationPlatforms) = preSolution
		Debug|Any CPU = Debug|Any CPU
		Release|Any CPU = Release|Any CPU
	EndGlobalSection
	GlobalSection(ProjectConfigurationPlatforms) = postSolution
		{60899954-8588-4990-80C4-47B3649FA410}.Debug|Any CPU.ActiveCfg = Debug|Any CPU
		{60899954-8588-4990-80C4-47B3649FA410}.Debug|Any CPU.Build.0 = Debug|Any CPU
		{60899954-8588-4990-80C4-47B3649FA410}.Release|Any CPU.ActiveCfg = Release|Any CPU
		{60899954-8588-4990-80C4-47B3649FA410}.Release|Any CPU.Build.0 = Release|Any CPU
		{EA90FC19-DE19-49BA-B513-CACF3E7A4403}.Debug|Any CPU.ActiveCfg = Debug|Any CPU
		{EA90FC19-DE19-49BA-B513-CACF3E7A4403}.Debug|Any CPU.Build.0 = Debug|Any CPU
		{EA90FC19-DE19-49BA-B513-CACF3E7A4403}.Release|Any CPU.ActiveCfg = Release|Any CPU
		{EA90FC19-DE19-49BA-B513-CACF3E7A4403}.Release|Any CPU.Build.0 = Release|Any CPU
	EndGlobalSection
	GlobalSection(SolutionProperties) = preSolution
		HideSolutionNode = FALSE
	EndGlobalSection
	GlobalSection(ExtensibilityGlobals) = postSolution
		SolutionGuid = {309D3CA1-B4C9-45D2-B1C5-2562674E3D83}
	EndGlobalSection
EndGlobal
